
Microsoft Visual Studio Solution File, Format Version 12.00
# Visual Studio Version 17
VisualStudioVersion = 17.3.32929.385
MinimumVisualStudioVersion = 10.0.40219.1
Project("{9A19103F-16F7-4668-BE54-9A1E7A4F7556}") = "API", "API.csproj", "{20DADE7E-0453-4BD8-89C9-78BD4CC4B498}"
EndProject
Global
	GlobalSection(SolutionConfigurationPlatforms) = preSolution
		Debug|Any CPU = Debug|Any CPU
		Release|Any CPU = Release|Any CPU
	EndGlobalSection
	GlobalSection(ProjectConfigurationPlatforms) = postSolution
		{20DADE7E-0453-4BD8-89C9-78BD4CC4B498}.Debug|Any CPU.ActiveCfg = Debug|Any CPU
		{20DADE7E-0453-4BD8-89C9-78BD4CC4B498}.Debug|Any CPU.Build.0 = Debug|Any CPU
		{20DADE7E-0453-4BD8-89C9-78BD4CC4B498}.Release|Any CPU.ActiveCfg = Release|Any CPU
		{20DADE7E-0453-4BD8-89C9-78BD4CC4B498}.Release|Any CPU.Build.0 = Release|Any CPU
	EndGlobalSection
	GlobalSection(SolutionProperties) = preSolution
		HideSolutionNode = FALSE
	EndGlobalSection
	GlobalSection(ExtensibilityGlobals) = postSolution
		SolutionGuid = {0821CA20-B80B-43CD-A92E-DF0CE343A57A}
	EndGlobalSection
EndGlobal
